
Microsoft Visual Studio Solution File, Format Version 12.00
# Visual Studio Version 17
VisualStudioVersion = 17.1.32421.90
MinimumVisualStudioVersion = 10.0.40219.1
Project("{9A19103F-16F7-4668-BE54-9A1E7A4F7556}") = "PcShop", "PcShop\PcShop.csproj", "{1A0CF786-839C-47A7-92B7-EC77437613E6}"
EndProject
Global
	GlobalSection(SolutionConfigurationPlatforms) = preSolution
		Debug|Any CPU = Debug|Any CPU
		Release|Any CPU = Release|Any CPU
	EndGlobalSection
	GlobalSection(ProjectConfigurationPlatforms) = postSolution
		{1A0CF786-839C-47A7-92B7-EC77437613E6}.Debug|Any CPU.ActiveCfg = Debug|Any CPU
		{1A0CF786-839C-47A7-92B7-EC77437613E6}.Debug|Any CPU.Build.0 = Debug|Any CPU
		{1A0CF786-839C-47A7-92B7-EC77437613E6}.Release|Any CPU.ActiveCfg = Release|Any CPU
		{1A0CF786-839C-47A7-92B7-EC77437613E6}.Release|Any CPU.Build.0 = Release|Any CPU
	EndGlobalSection
	GlobalSection(SolutionProperties) = preSolution
		HideSolutionNode = FALSE
	EndGlobalSection
	GlobalSection(ExtensibilityGlobals) = postSolution
		SolutionGuid = {8652A28E-1793-4072-8EE5-6231A9DC2A9E}
	EndGlobalSection
EndGlobal
